// !$*UTF8*$!
{
	archiveVersion = 1;
	classes = {
	};
	objectVersion = 46;
	objects = {

/* Begin PBXBuildFile section */
		049E501A1E7161B300A72C27 /* main.m in Sources */ = {isa = PBXBuildFile; fileRef = 049E50191E7161B300A72C27 /* main.m */; };
		049E501D1E7161B300A72C27 /* AppDelegate.m in Sources */ = {isa = PBXBuildFile; fileRef = 049E501C1E7161B300A72C27 /* AppDelegate.m */; };
		049E50251E7161B300A72C27 /* Assets.xcassets in Resources */ = {isa = PBXBuildFile; fileRef = 049E50241E7161B300A72C27 /* Assets.xcassets */; };
		049E50281E7161B300A72C27 /* LaunchScreen.storyboard in Resources */ = {isa = PBXBuildFile; fileRef = 049E50261E7161B300A72C27 /* LaunchScreen.storyboard */; };
		049E50331E7161B300A72C27 /* DWQLogisticsInformationTests.m in Sources */ = {isa = PBXBuildFile; fileRef = 049E50321E7161B300A72C27 /* DWQLogisticsInformationTests.m */; };
		049E503E1E7161B300A72C27 /* DWQLogisticsInformationUITests.m in Sources */ = {isa = PBXBuildFile; fileRef = 049E503D1E7161B300A72C27 /* DWQLogisticsInformationUITests.m */; };
		049E50781E71625E00A72C27 /* MASCompositeConstraint.m in Sources */ = {isa = PBXBuildFile; fileRef = 049E505F1E71625E00A72C27 /* MASCompositeConstraint.m */; };
		049E50791E71625E00A72C27 /* MASConstraint.m in Sources */ = {isa = PBXBuildFile; fileRef = 049E50621E71625E00A72C27 /* MASConstraint.m */; };
		049E507A1E71625E00A72C27 /* MASConstraintMaker.m in Sources */ = {isa = PBXBuildFile; fileRef = 049E50641E71625E00A72C27 /* MASConstraintMaker.m */; };
		049E507B1E71625E00A72C27 /* MASLayoutConstraint.m in Sources */ = {isa = PBXBuildFile; fileRef = 049E50661E71625E00A72C27 /* MASLayoutConstraint.m */; };
		049E507C1E71625E00A72C27 /* MASViewAttribute.m in Sources */ = {isa = PBXBuildFile; fileRef = 049E506A1E71625E00A72C27 /* MASViewAttribute.m */; };
		049E507D1E71625E00A72C27 /* MASViewConstraint.m in Sources */ = {isa = PBXBuildFile; fileRef = 049E506C1E71625E00A72C27 /* MASViewConstraint.m */; };
		049E507E1E71625E00A72C27 /* NSArray+MASAdditions.m in Sources */ = {isa = PBXBuildFile; fileRef = 049E506E1E71625E00A72C27 /* NSArray+MASAdditions.m */; };
		049E507F1E71625E00A72C27 /* NSLayoutConstraint+MASDebugAdditions.m in Sources */ = {isa = PBXBuildFile; fileRef = 049E50711E71625E00A72C27 /* NSLayoutConstraint+MASDebugAdditions.m */; };
		049E50801E71625E00A72C27 /* View+MASAdditions.m in Sources */ = {isa = PBXBuildFile; fileRef = 049E50731E71625E00A72C27 /* View+MASAdditions.m */; };
		049E50811E71625E00A72C27 /* ViewController+MASAdditions.m in Sources */ = {isa = PBXBuildFile; fileRef = 049E50761E71625E00A72C27 /* ViewController+MASAdditions.m */; };
		049E50851E71630D00A72C27 /* DWQLogisticCell.m in Sources */ = {isa = PBXBuildFile; fileRef = 049E50841E71630D00A72C27 /* DWQLogisticCell.m */; };
		049E50881E71632900A72C27 /* DWQLogisticModel.m in Sources */ = {isa = PBXBuildFile; fileRef = 049E50871E71632900A72C27 /* DWQLogisticModel.m */; };
		049E508B1E71634000A72C27 /* DWQLogisticsView.m in Sources */ = {isa = PBXBuildFile; fileRef = 049E508A1E71633F00A72C27 /* DWQLogisticsView.m */; };
		049E508E1E71635500A72C27 /* DWQTableCellContentView.m in Sources */ = {isa = PBXBuildFile; fileRef = 049E508D1E71635500A72C27 /* DWQTableCellContentView.m */; };
		049E50911E71636900A72C27 /* DWQTableHeaderView.m in Sources */ = {isa = PBXBuildFile; fileRef = 049E50901E71636900A72C27 /* DWQTableHeaderView.m */; };
		049E50951E716AD300A72C27 /* ViewController.m in Sources */ = {isa = PBXBuildFile; fileRef = 049E50931E716AD300A72C27 /* ViewController.m */; };
		049E50961E716AD300A72C27 /* ViewController.xib in Resources */ = {isa = PBXBuildFile; fileRef = 049E50941E716AD300A72C27 /* ViewController.xib */; };
		049E50981E716CD800A72C27 /* 杜文全背景.png in Resources */ = {isa = PBXBuildFile; fileRef = 049E50971E716CD800A72C27 /* 杜文全背景.png */; };
		049E509C1E716E9400A72C27 /* LogisticViewController.m in Sources */ = {isa = PBXBuildFile; fileRef = 049E509A1E716E9400A72C27 /* LogisticViewController.m */; };
		049E509D1E716E9400A72C27 /* LogisticViewController.xib in Resources */ = {isa = PBXBuildFile; fileRef = 049E509B1E716E9400A72C27 /* LogisticViewController.xib */; };
		049E509F1E71738100A72C27 /* 凯迪拉克.jpg in Resources */ = {isa = PBXBuildFile; fileRef = 049E509E1E71738100A72C27 /* 凯迪拉克.jpg */; };
/* End PBXBuildFile section */

/* Begin PBXContainerItemProxy section */
		049E502F1E7161B300A72C27 /* PBXContainerItemProxy */ = {
			isa = PBXContainerItemProxy;
			containerPortal = 049E500D1E7161B300A72C27 /* Project object */;
			proxyType = 1;
			remoteGlobalIDString = 049E50141E7161B300A72C27;
			remoteInfo = DWQLogisticsInformation;
		};
		049E503A1E7161B300A72C27 /* PBXContainerItemProxy */ = {
			isa = PBXContainerItemProxy;
			containerPortal = 049E500D1E7161B300A72C27 /* Project object */;
			proxyType = 1;
			remoteGlobalIDString = 049E50141E7161B300A72C27;
			remoteInfo = DWQLogisticsInformation;
		};
/* End PBXContainerItemProxy section */

/* Begin PBXFileReference section */
		049E50151E7161B300A72C27 /* DWQLogisticsInformation.app */ = {isa = PBXFileReference; explicitFileType = wrapper.application; includeInIndex = 0; path = DWQLogisticsInformation.app; sourceTree = BUILT_PRODUCTS_DIR; };
		049E50191E7161B300A72C27 /* main.m */ = {isa = PBXFileReference; lastKnownFileType = sourcecode.c.objc; path = main.m; sourceTree = "<group>"; };
		049E501B1E7161B300A72C27 /* AppDelegate.h */ = {isa = PBXFileReference; lastKnownFileType = sourcecode.c.h; path = AppDelegate.h; sourceTree = "<group>"; };
		049E501C1E7161B300A72C27 /* AppDelegate.m */ = {isa = PBXFileReference; lastKnownFileType = sourcecode.c.objc; path = AppDelegate.m; sourceTree = "<group>"; };
		049E50241E7161B300A72C27 /* Assets.xcassets */ = {isa = PBXFileReference; lastKnownFileType = folder.assetcatalog; path = Assets.xcassets; sourceTree = "<group>"; };
		049E50271E7161B300A72C27 /* Base */ = {isa = PBXFileReference; lastKnownFileType = file.storyboard; name = Base; path = Base.lproj/LaunchScreen.storyboard; sourceTree = "<group>"; };
		049E50291E7161B300A72C27 /* Info.plist */ = {isa = PBXFileReference; lastKnownFileType = text.plist.xml; path = Info.plist; sourceTree = "<group>"; };
		049E502E1E7161B300A72C27 /* DWQLogisticsInformationTests.xctest */ = {isa = PBXFileReference; explicitFileType = wrapper.cfbundle; includeInIndex = 0; path = DWQLogisticsInformationTests.xctest; sourceTree = BUILT_PRODUCTS_DIR; };
		049E50321E7161B300A72C27 /* DWQLogisticsInformationTests.m */ = {isa = PBXFileReference; lastKnownFileType = sourcecode.c.objc; path = DWQLogisticsInformationTests.m; sourceTree = "<group>"; };
		049E50341E7161B300A72C27 /* Info.plist */ = {isa = PBXFileReference; lastKnownFileType = text.plist.xml; path = Info.plist; sourceTree = "<group>"; };
		049E50391E7161B300A72C27 /* DWQLogisticsInformationUITests.xctest */ = {isa = PBXFileReference; explicitFileType = wrapper.cfbundle; includeInIndex = 0; path = DWQLogisticsInformationUITests.xctest; sourceTree = BUILT_PRODUCTS_DIR; };
		049E503D1E7161B300A72C27 /* DWQLogisticsInformationUITests.m */ = {isa = PBXFileReference; lastKnownFileType = sourcecode.c.objc; path = DWQLogisticsInformationUITests.m; sourceTree = "<group>"; };
		049E503F1E7161B300A72C27 /* Info.plist */ = {isa = PBXFileReference; lastKnownFileType = text.plist.xml; path = Info.plist; sourceTree = "<group>"; };
		049E505E1E71625E00A72C27 /* MASCompositeConstraint.h */ = {isa = PBXFileReference; fileEncoding = 4; lastKnownFileType = sourcecode.c.h; path = MASCompositeConstraint.h; sourceTree = "<group>"; };
		049E505F1E71625E00A72C27 /* MASCompositeConstraint.m */ = {isa = PBXFileReference; fileEncoding = 4; lastKnownFileType = sourcecode.c.objc; path = MASCompositeConstraint.m; sourceTree = "<group>"; };
		049E50601E71625E00A72C27 /* MASConstraint+Private.h */ = {isa = PBXFileReference; fileEncoding = 4; lastKnownFileType = sourcecode.c.h; path = "MASConstraint+Private.h"; sourceTree = "<group>"; };
		049E50611E71625E00A72C27 /* MASConstraint.h */ = {isa = PBXFileReference; fileEncoding = 4; lastKnownFileType = sourcecode.c.h; path = MASConstraint.h; sourceTree = "<group>"; };
		049E50621E71625E00A72C27 /* MASConstraint.m */ = {isa = PBXFileReference; fileEncoding = 4; lastKnownFileType = sourcecode.c.objc; path = MASConstraint.m; sourceTree = "<group>"; };
		049E50631E71625E00A72C27 /* MASConstraintMaker.h */ = {isa = PBXFileReference; fileEncoding = 4; lastKnownFileType = sourcecode.c.h; path = MASConstraintMaker.h; sourceTree = "<group>"; };
		049E50641E71625E00A72C27 /* MASConstraintMaker.m */ = {isa = PBXFileReference; fileEncoding = 4; lastKnownFileType = sourcecode.c.objc; path = MASConstraintMaker.m; sourceTree = "<group>"; };
		049E50651E71625E00A72C27 /* MASLayoutConstraint.h */ = {isa = PBXFileReference; fileEncoding = 4; lastKnownFileType = sourcecode.c.h; path = MASLayoutConstraint.h; sourceTree = "<group>"; };
		049E50661E71625E00A72C27 /* MASLayoutConstraint.m */ = {isa = PBXFileReference; fileEncoding = 4; lastKnownFileType = sourcecode.c.objc; path = MASLayoutConstraint.m; sourceTree = "<group>"; };
		049E50671E71625E00A72C27 /* Masonry.h */ = {isa = PBXFileReference; fileEncoding = 4; lastKnownFileType = sourcecode.c.h; path = Masonry.h; sourceTree = "<group>"; };
		049E50681E71625E00A72C27 /* MASUtilities.h */ = {isa = PBXFileReference; fileEncoding = 4; lastKnownFileType = sourcecode.c.h; path = MASUtilities.h; sourceTree = "<group>"; };
		049E50691E71625E00A72C27 /* MASViewAttribute.h */ = {isa = PBXFileReference; fileEncoding = 4; lastKnownFileType = sourcecode.c.h; path = MASViewAttribute.h; sourceTree = "<group>"; };
		049E506A1E71625E00A72C27 /* MASViewAttribute.m */ = {isa = PBXFileReference; fileEncoding = 4; lastKnownFileType = sourcecode.c.objc; path = MASViewAttribute.m; sourceTree = "<group>"; };
		049E506B1E71625E00A72C27 /* MASViewConstraint.h */ = {isa = PBXFileReference; fileEncoding = 4; lastKnownFileType = sourcecode.c.h; path = MASViewConstraint.h; sourceTree = "<group>"; };
		049E506C1E71625E00A72C27 /* MASViewConstraint.m */ = {isa = PBXFileReference; fileEncoding = 4; lastKnownFileType = sourcecode.c.objc; path = MASViewConstraint.m; sourceTree = "<group>"; };
		049E506D1E71625E00A72C27 /* NSArray+MASAdditions.h */ = {isa = PBXFileReference; fileEncoding = 4; lastKnownFileType = sourcecode.c.h; path = "NSArray+MASAdditions.h"; sourceTree = "<group>"; };
		049E506E1E71625E00A72C27 /* NSArray+MASAdditions.m */ = {isa = PBXFileReference; fileEncoding = 4; lastKnownFileType = sourcecode.c.objc; path = "NSArray+MASAdditions.m"; sourceTree = "<group>"; };
		049E506F1E71625E00A72C27 /* NSArray+MASShorthandAdditions.h */ = {isa = PBXFileReference; fileEncoding = 4; lastKnownFileType = sourcecode.c.h; path = "NSArray+MASShorthandAdditions.h"; sourceTree = "<group>"; };
		049E50701E71625E00A72C27 /* NSLayoutConstraint+MASDebugAdditions.h */ = {isa = PBXFileReference; fileEncoding = 4; lastKnownFileType = sourcecode.c.h; path = "NSLayoutConstraint+MASDebugAdditions.h"; sourceTree = "<group>"; };
		049E50711E71625E00A72C27 /* NSLayoutConstraint+MASDebugAdditions.m */ = {isa = PBXFileReference; fileEncoding = 4; lastKnownFileType = sourcecode.c.objc; path = "NSLayoutConstraint+MASDebugAdditions.m"; sourceTree = "<group>"; };
		049E50721E71625E00A72C27 /* View+MASAdditions.h */ = {isa = PBXFileReference; fileEncoding = 4; lastKnownFileType = sourcecode.c.h; path = "View+MASAdditions.h"; sourceTree = "<group>"; };
		049E50731E71625E00A72C27 /* View+MASAdditions.m */ = {isa = PBXFileReference; fileEncoding = 4; lastKnownFileType = sourcecode.c.objc; path = "View+MASAdditions.m"; sourceTree = "<group>"; };
		049E50741E71625E00A72C27 /* View+MASShorthandAdditions.h */ = {isa = PBXFileReference; fileEncoding = 4; lastKnownFileType = sourcecode.c.h; path = "View+MASShorthandAdditions.h"; sourceTree = "<group>"; };
		049E50751E71625E00A72C27 /* ViewController+MASAdditions.h */ = {isa = PBXFileReference; fileEncoding = 4; lastKnownFileType = sourcecode.c.h; path = "ViewController+MASAdditions.h"; sourceTree = "<group>"; };
		049E50761E71625E00A72C27 /* ViewController+MASAdditions.m */ = {isa = PBXFileReference; fileEncoding = 4; lastKnownFileType = sourcecode.c.objc; path = "ViewController+MASAdditions.m"; sourceTree = "<group>"; };
		049E50821E7162AD00A72C27 /* DWQConfigFile.h */ = {isa = PBXFileReference; fileEncoding = 4; lastKnownFileType = sourcecode.c.h; path = DWQConfigFile.h; sourceTree = "<group>"; };
		049E50831E71630D00A72C27 /* DWQLogisticCell.h */ = {isa = PBXFileReference; fileEncoding = 4; lastKnownFileType = sourcecode.c.h; path = DWQLogisticCell.h; sourceTree = "<group>"; };
		049E50841E71630D00A72C27 /* DWQLogisticCell.m */ = {isa = PBXFileReference; fileEncoding = 4; lastKnownFileType = sourcecode.c.objc; path = DWQLogisticCell.m; sourceTree = "<group>"; };
		049E50861E71632900A72C27 /* DWQLogisticModel.h */ = {isa = PBXFileReference; fileEncoding = 4; lastKnownFileType = sourcecode.c.h; path = DWQLogisticModel.h; sourceTree = "<group>"; };
		049E50871E71632900A72C27 /* DWQLogisticModel.m */ = {isa = PBXFileReference; fileEncoding = 4; lastKnownFileType = sourcecode.c.objc; path = DWQLogisticModel.m; sourceTree = "<group>"; };
		049E50891E71633F00A72C27 /* DWQLogisticsView.h */ = {isa = PBXFileReference; fileEncoding = 4; lastKnownFileType = sourcecode.c.h; path = DWQLogisticsView.h; sourceTree = "<group>"; };
		049E508A1E71633F00A72C27 /* DWQLogisticsView.m */ = {isa = PBXFileReference; fileEncoding = 4; lastKnownFileType = sourcecode.c.objc; path = DWQLogisticsView.m; sourceTree = "<group>"; };
		049E508C1E71635500A72C27 /* DWQTableCellContentView.h */ = {isa = PBXFileReference; fileEncoding = 4; lastKnownFileType = sourcecode.c.h; path = DWQTableCellContentView.h; sourceTree = "<group>"; };
		049E508D1E71635500A72C27 /* DWQTableCellContentView.m */ = {isa = PBXFileReference; fileEncoding = 4; lastKnownFileType = sourcecode.c.objc; path = DWQTableCellContentView.m; sourceTree = "<group>"; };
		049E508F1E71636900A72C27 /* DWQTableHeaderView.h */ = {isa = PBXFileReference; fileEncoding = 4; lastKnownFileType = sourcecode.c.h; path = DWQTableHeaderView.h; sourceTree = "<group>"; };
		049E50901E71636900A72C27 /* DWQTableHeaderView.m */ = {isa = PBXFileReference; fileEncoding = 4; lastKnownFileType = sourcecode.c.objc; path = DWQTableHeaderView.m; sourceTree = "<group>"; };
		049E50921E716AD300A72C27 /* ViewController.h */ = {isa = PBXFileReference; fileEncoding = 4; lastKnownFileType = sourcecode.c.h; path = ViewController.h; sourceTree = "<group>"; };
		049E50931E716AD300A72C27 /* ViewController.m */ = {isa = PBXFileReference; fileEncoding = 4; lastKnownFileType = sourcecode.c.objc; path = ViewController.m; sourceTree = "<group>"; };
		049E50941E716AD300A72C27 /* ViewController.xib */ = {isa = PBXFileReference; fileEncoding = 4; lastKnownFileType = file.xib; path = ViewController.xib; sourceTree = "<group>"; };
		049E50971E716CD800A72C27 /* 杜文全背景.png */ = {isa = PBXFileReference; lastKnownFileType = image.png; path = "杜文全背景.png"; sourceTree = "<group>"; };
		049E50991E716E9400A72C27 /* LogisticViewController.h */ = {isa = PBXFileReference; fileEncoding = 4; lastKnownFileType = sourcecode.c.h; path = LogisticViewController.h; sourceTree = "<group>"; };
		049E509A1E716E9400A72C27 /* LogisticViewController.m */ = {isa = PBXFileReference; fileEncoding = 4; lastKnownFileType = sourcecode.c.objc; path = LogisticViewController.m; sourceTree = "<group>"; };
		049E509B1E716E9400A72C27 /* LogisticViewController.xib */ = {isa = PBXFileReference; fileEncoding = 4; lastKnownFileType = file.xib; path = LogisticViewController.xib; sourceTree = "<group>"; };
		049E509E1E71738100A72C27 /* 凯迪拉克.jpg */ = {isa = PBXFileReference; lastKnownFileType = image.jpeg; path = "凯迪拉克.jpg"; sourceTree = "<group>"; };
/* End PBXFileReference section */

/* Begin PBXFrameworksBuildPhase section */
		049E50121E7161B300A72C27 /* Frameworks */ = {
			isa = PBXFrameworksBuildPhase;
			buildActionMask = 2147483647;
			files = (
			);
			runOnlyForDeploymentPostprocessing = 0;
		};
		049E502B1E7161B300A72C27 /* Frameworks */ = {
			isa = PBXFrameworksBuildPhase;
			buildActionMask = 2147483647;
			files = (
			);
			runOnlyForDeploymentPostprocessing = 0;
		};
		049E50361E7161B300A72C27 /* Frameworks */ = {
			isa = PBXFrameworksBuildPhase;
			buildActionMask = 2147483647;
			files = (
			);
			runOnlyForDeploymentPostprocessing = 0;
		};
/* End PBXFrameworksBuildPhase section */

/* Begin PBXGroup section */
		049E500C1E7161B300A72C27 = {
			isa = PBXGroup;
			children = (
				049E50171E7161B300A72C27 /* DWQLogisticsInformation */,
				049E50311E7161B300A72C27 /* DWQLogisticsInformationTests */,
				049E503C1E7161B300A72C27 /* DWQLogisticsInformationUITests */,
				049E50161E7161B300A72C27 /* Products */,
			);
			sourceTree = "<group>";
		};
		049E50161E7161B300A72C27 /* Products */ = {
			isa = PBXGroup;
			children = (
				049E50151E7161B300A72C27 /* DWQLogisticsInformation.app */,
				049E502E1E7161B300A72C27 /* DWQLogisticsInformationTests.xctest */,
				049E50391E7161B300A72C27 /* DWQLogisticsInformationUITests.xctest */,
			);
			name = Products;
			sourceTree = "<group>";
		};
		049E50171E7161B300A72C27 /* DWQLogisticsInformation */ = {
			isa = PBXGroup;
			children = (
				049E504B1E7161C900A72C27 /* DWQLogisticsInformation */,
				049E501B1E7161B300A72C27 /* AppDelegate.h */,
				049E501C1E7161B300A72C27 /* AppDelegate.m */,
				049E50991E716E9400A72C27 /* LogisticViewController.h */,
				049E509A1E716E9400A72C27 /* LogisticViewController.m */,
				049E509B1E716E9400A72C27 /* LogisticViewController.xib */,
				049E50921E716AD300A72C27 /* ViewController.h */,
				049E50931E716AD300A72C27 /* ViewController.m */,
				049E50941E716AD300A72C27 /* ViewController.xib */,
				049E50971E716CD800A72C27 /* 杜文全背景.png */,
				049E50241E7161B300A72C27 /* Assets.xcassets */,
				049E50261E7161B300A72C27 /* LaunchScreen.storyboard */,
				049E50291E7161B300A72C27 /* Info.plist */,
				049E50181E7161B300A72C27 /* Supporting Files */,
			);
			path = DWQLogisticsInformation;
			sourceTree = "<group>";
		};
		049E50181E7161B300A72C27 /* Supporting Files */ = {
			isa = PBXGroup;
			children = (
				049E50191E7161B300A72C27 /* main.m */,
			);
			name = "Supporting Files";
			sourceTree = "<group>";
		};
		049E50311E7161B300A72C27 /* DWQLogisticsInformationTests */ = {
			isa = PBXGroup;
			children = (
				049E50321E7161B300A72C27 /* DWQLogisticsInformationTests.m */,
				049E50341E7161B300A72C27 /* Info.plist */,
			);
			path = DWQLogisticsInformationTests;
			sourceTree = "<group>";
		};
		049E503C1E7161B300A72C27 /* DWQLogisticsInformationUITests */ = {
			isa = PBXGroup;
			children = (
				049E503D1E7161B300A72C27 /* DWQLogisticsInformationUITests.m */,
				049E503F1E7161B300A72C27 /* Info.plist */,
			);
			path = DWQLogisticsInformationUITests;
			sourceTree = "<group>";
		};
		049E504B1E7161C900A72C27 /* DWQLogisticsInformation */ = {
			isa = PBXGroup;
			children = (
				049E505C1E71625E00A72C27 /* Masonry */,
				049E50821E7162AD00A72C27 /* DWQConfigFile.h */,
				049E50831E71630D00A72C27 /* DWQLogisticCell.h */,
				049E50841E71630D00A72C27 /* DWQLogisticCell.m */,
				049E50861E71632900A72C27 /* DWQLogisticModel.h */,
				049E50871E71632900A72C27 /* DWQLogisticModel.m */,
				049E50891E71633F00A72C27 /* DWQLogisticsView.h */,
				049E508A1E71633F00A72C27 /* DWQLogisticsView.m */,
				049E508C1E71635500A72C27 /* DWQTableCellContentView.h */,
				049E508D1E71635500A72C27 /* DWQTableCellContentView.m */,
				049E508F1E71636900A72C27 /* DWQTableHeaderView.h */,
				049E50901E71636900A72C27 /* DWQTableHeaderView.m */,
				049E509E1E71738100A72C27 /* 凯迪拉克.jpg */,
			);
			path = DWQLogisticsInformation;
			sourceTree = "<group>";
		};
		049E505C1E71625E00A72C27 /* Masonry */ = {
			isa = PBXGroup;
			children = (
				049E505E1E71625E00A72C27 /* MASCompositeConstraint.h */,
				049E505F1E71625E00A72C27 /* MASCompositeConstraint.m */,
				049E50601E71625E00A72C27 /* MASConstraint+Private.h */,
				049E50611E71625E00A72C27 /* MASConstraint.h */,
				049E50621E71625E00A72C27 /* MASConstraint.m */,
				049E50631E71625E00A72C27 /* MASConstraintMaker.h */,
				049E50641E71625E00A72C27 /* MASConstraintMaker.m */,
				049E50651E71625E00A72C27 /* MASLayoutConstraint.h */,
				049E50661E71625E00A72C27 /* MASLayoutConstraint.m */,
				049E50671E71625E00A72C27 /* Masonry.h */,
				049E50681E71625E00A72C27 /* MASUtilities.h */,
				049E50691E71625E00A72C27 /* MASViewAttribute.h */,
				049E506A1E71625E00A72C27 /* MASViewAttribute.m */,
				049E506B1E71625E00A72C27 /* MASViewConstraint.h */,
				049E506C1E71625E00A72C27 /* MASViewConstraint.m */,
				049E506D1E71625E00A72C27 /* NSArray+MASAdditions.h */,
				049E506E1E71625E00A72C27 /* NSArray+MASAdditions.m */,
				049E506F1E71625E00A72C27 /* NSArray+MASShorthandAdditions.h */,
				049E50701E71625E00A72C27 /* NSLayoutConstraint+MASDebugAdditions.h */,
				049E50711E71625E00A72C27 /* NSLayoutConstraint+MASDebugAdditions.m */,
				049E50721E71625E00A72C27 /* View+MASAdditions.h */,
				049E50731E71625E00A72C27 /* View+MASAdditions.m */,
				049E50741E71625E00A72C27 /* View+MASShorthandAdditions.h */,
				049E50751E71625E00A72C27 /* ViewController+MASAdditions.h */,
				049E50761E71625E00A72C27 /* ViewController+MASAdditions.m */,
			);
			path = Masonry;
			sourceTree = "<group>";
		};
/* End PBXGroup section */

/* Begin PBXNativeTarget section */
		049E50141E7161B300A72C27 /* DWQLogisticsInformation */ = {
			isa = PBXNativeTarget;
			buildConfigurationList = 049E50421E7161B300A72C27 /* Build configuration list for PBXNativeTarget "DWQLogisticsInformation" */;
			buildPhases = (
				049E50111E7161B300A72C27 /* Sources */,
				049E50121E7161B300A72C27 /* Frameworks */,
				049E50131E7161B300A72C27 /* Resources */,
			);
			buildRules = (
			);
			dependencies = (
			);
			name = DWQLogisticsInformation;
			productName = DWQLogisticsInformation;
			productReference = 049E50151E7161B300A72C27 /* DWQLogisticsInformation.app */;
			productType = "com.apple.product-type.application";
		};
		049E502D1E7161B300A72C27 /* DWQLogisticsInformationTests */ = {
			isa = PBXNativeTarget;
			buildConfigurationList = 049E50451E7161B300A72C27 /* Build configuration list for PBXNativeTarget "DWQLogisticsInformationTests" */;
			buildPhases = (
				049E502A1E7161B300A72C27 /* Sources */,
				049E502B1E7161B300A72C27 /* Frameworks */,
				049E502C1E7161B300A72C27 /* Resources */,
			);
			buildRules = (
			);
			dependencies = (
				049E50301E7161B300A72C27 /* PBXTargetDependency */,
			);
			name = DWQLogisticsInformationTests;
			productName = DWQLogisticsInformationTests;
			productReference = 049E502E1E7161B300A72C27 /* DWQLogisticsInformationTests.xctest */;
			productType = "com.apple.product-type.bundle.unit-test";
		};
		049E50381E7161B300A72C27 /* DWQLogisticsInformationUITests */ = {
			isa = PBXNativeTarget;
			buildConfigurationList = 049E50481E7161B300A72C27 /* Build configuration list for PBXNativeTarget "DWQLogisticsInformationUITests" */;
			buildPhases = (
				049E50351E7161B300A72C27 /* Sources */,
				049E50361E7161B300A72C27 /* Frameworks */,
				049E50371E7161B300A72C27 /* Resources */,
			);
			buildRules = (
			);
			dependencies = (
				049E503B1E7161B300A72C27 /* PBXTargetDependency */,
			);
			name = DWQLogisticsInformationUITests;
			productName = DWQLogisticsInformationUITests;
			productReference = 049E50391E7161B300A72C27 /* DWQLogisticsInformationUITests.xctest */;
			productType = "com.apple.product-type.bundle.ui-testing";
		};
/* End PBXNativeTarget section */

/* Begin PBXProject section */
		049E500D1E7161B300A72C27 /* Project object */ = {
			isa = PBXProject;
			attributes = {
				LastUpgradeCheck = 0810;
				ORGANIZATIONNAME = com.iOSDeveloper.duwenquan;
				TargetAttributes = {
					049E50141E7161B300A72C27 = {
						CreatedOnToolsVersion = 8.1;
						DevelopmentTeam = N8RQBX5PQW;
						ProvisioningStyle = Automatic;
					};
					049E502D1E7161B300A72C27 = {
						CreatedOnToolsVersion = 8.1;
						DevelopmentTeam = N8RQBX5PQW;
						ProvisioningStyle = Automatic;
						TestTargetID = 049E50141E7161B300A72C27;
					};
					049E50381E7161B300A72C27 = {
						CreatedOnToolsVersion = 8.1;
						DevelopmentTeam = N8RQBX5PQW;
						ProvisioningStyle = Automatic;
						TestTargetID = 049E50141E7161B300A72C27;
					};
				};
			};
			buildConfigurationList = 049E50101E7161B300A72C27 /* Build configuration list for PBXProject "DWQLogisticsInformation" */;
			compatibilityVersion = "Xcode 3.2";
			developmentRegion = English;
			hasScannedForEncodings = 0;
			knownRegions = (
				en,
				Base,
			);
			mainGroup = 049E500C1E7161B300A72C27;
			productRefGroup = 049E50161E7161B300A72C27 /* Products */;
			projectDirPath = "";
			projectRoot = "";
			targets = (
				049E50141E7161B300A72C27 /* DWQLogisticsInformation */,
				049E502D1E7161B300A72C27 /* DWQLogisticsInformationTests */,
				049E50381E7161B300A72C27 /* DWQLogisticsInformationUITests */,
			);
		};
/* End PBXProject section */

/* Begin PBXResourcesBuildPhase section */
		049E50131E7161B300A72C27 /* Resources */ = {
			isa = PBXResourcesBuildPhase;
			buildActionMask = 2147483647;
			files = (
				049E509F1E71738100A72C27 /* 凯迪拉克.jpg in Resources */,
				049E50281E7161B300A72C27 /* LaunchScreen.storyboard in Resources */,
				049E509D1E716E9400A72C27 /* LogisticViewController.xib in Resources */,
				049E50961E716AD300A72C27 /* ViewController.xib in Resources */,
				049E50981E716CD800A72C27 /* 杜文全背景.png in Resources */,
				049E50251E7161B300A72C27 /* Assets.xcassets in Resources */,
			);
			runOnlyForDeploymentPostprocessing = 0;
		};
		049E502C1E7161B300A72C27 /* Resources */ = {
			isa = PBXResourcesBuildPhase;
			buildActionMask = 2147483647;
			files = (
			);
			runOnlyForDeploymentPostprocessing = 0;
		};
		049E50371E7161B300A72C27 /* Resources */ = {
			isa = PBXResourcesBuildPhase;
			buildActionMask = 2147483647;
			files = (
			);
			runOnlyForDeploymentPostprocessing = 0;
		};
/* End PBXResourcesBuildPhase section */

/* Begin PBXSourcesBuildPhase section */
		049E50111E7161B300A72C27 /* Sources */ = {
			isa = PBXSourcesBuildPhase;
			buildActionMask = 2147483647;
			files = (
				049E509C1E716E9400A72C27 /* LogisticViewController.m in Sources */,
				049E50951E716AD300A72C27 /* ViewController.m in Sources */,
				049E508E1E71635500A72C27 /* DWQTableCellContentView.m in Sources */,
				049E507E1E71625E00A72C27 /* NSArray+MASAdditions.m in Sources */,
				049E501D1E7161B300A72C27 /* AppDelegate.m in Sources */,
				049E50801E71625E00A72C27 /* View+MASAdditions.m in Sources */,
				049E507B1E71625E00A72C27 /* MASLayoutConstraint.m in Sources */,
				049E50791E71625E00A72C27 /* MASConstraint.m in Sources */,
				049E507F1E71625E00A72C27 /* NSLayoutConstraint+MASDebugAdditions.m in Sources */,
				049E50781E71625E00A72C27 /* MASCompositeConstraint.m in Sources */,
				049E508B1E71634000A72C27 /* DWQLogisticsView.m in Sources */,
				049E501A1E7161B300A72C27 /* main.m in Sources */,
				049E50881E71632900A72C27 /* DWQLogisticModel.m in Sources */,
				049E507A1E71625E00A72C27 /* MASConstraintMaker.m in Sources */,
				049E50851E71630D00A72C27 /* DWQLogisticCell.m in Sources */,
				049E50811E71625E00A72C27 /* ViewController+MASAdditions.m in Sources */,
				049E507D1E71625E00A72C27 /* MASViewConstraint.m in Sources */,
				049E50911E71636900A72C27 /* DWQTableHeaderView.m in Sources */,
				049E507C1E71625E00A72C27 /* MASViewAttribute.m in Sources */,
			);
			runOnlyForDeploymentPostprocessing = 0;
		};
		049E502A1E7161B300A72C27 /* Sources */ = {
			isa = PBXSourcesBuildPhase;
			buildActionMask = 2147483647;
			files = (
				049E50331E7161B300A72C27 /* DWQLogisticsInformationTests.m in Sources */,
			);
			runOnlyForDeploymentPostprocessing = 0;
		};
		049E50351E7161B300A72C27 /* Sources */ = {
			isa = PBXSourcesBuildPhase;
			buildActionMask = 2147483647;
			files = (
				049E503E1E7161B300A72C27 /* DWQLogisticsInformationUITests.m in Sources */,
			);
			runOnlyForDeploymentPostprocessing = 0;
		};
/* End PBXSourcesBuildPhase section */

/* Begin PBXTargetDependency section */
		049E50301E7161B300A72C27 /* PBXTargetDependency */ = {
			isa = PBXTargetDependency;
			target = 049E50141E7161B300A72C27 /* DWQLogisticsInformation */;
			targetProxy = 049E502F1E7161B300A72C27 /* PBXContainerItemProxy */;
		};
		049E503B1E7161B300A72C27 /* PBXTargetDependency */ = {
			isa = PBXTargetDependency;
			target = 049E50141E7161B300A72C27 /* DWQLogisticsInformation */;
			targetProxy = 049E503A1E7161B300A72C27 /* PBXContainerItemProxy */;
		};
/* End PBXTargetDependency section */

/* Begin PBXVariantGroup section */
		049E50261E7161B300A72C27 /* LaunchScreen.storyboard */ = {
			isa = PBXVariantGroup;
			children = (
				049E50271E7161B300A72C27 /* Base */,
			);
			name = LaunchScreen.storyboard;
			sourceTree = "<group>";
		};
/* End PBXVariantGroup section */

/* Begin XCBuildConfiguration section */
		049E50401E7161B300A72C27 /* Debug */ = {
			isa = XCBuildConfiguration;
			buildSettings = {
				ALWAYS_SEARCH_USER_PATHS = NO;
				CLANG_ANALYZER_NONNULL = YES;
				CLANG_CXX_LANGUAGE_STANDARD = "gnu++0x";
				CLANG_CXX_LIBRARY = "libc++";
				CLANG_ENABLE_MODULES = YES;
				CLANG_ENABLE_OBJC_ARC = YES;
				CLANG_WARN_BOOL_CONVERSION = YES;
				CLANG_WARN_CONSTANT_CONVERSION = YES;
				CLANG_WARN_DIRECT_OBJC_ISA_USAGE = YES_ERROR;
				CLANG_WARN_DOCUMENTATION_COMMENTS = YES;
				CLANG_WARN_EMPTY_BODY = YES;
				CLANG_WARN_ENUM_CONVERSION = YES;
				CLANG_WARN_INFINITE_RECURSION = YES;
				CLANG_WARN_INT_CONVERSION = YES;
				CLANG_WARN_OBJC_ROOT_CLASS = YES_ERROR;
				CLANG_WARN_SUSPICIOUS_MOVES = YES;
				CLANG_WARN_UNREACHABLE_CODE = YES;
				CLANG_WARN__DUPLICATE_METHOD_MATCH = YES;
				"CODE_SIGN_IDENTITY[sdk=iphoneos*]" = "iPhone Developer";
				COPY_PHASE_STRIP = NO;
				DEBUG_INFORMATION_FORMAT = dwarf;
				ENABLE_STRICT_OBJC_MSGSEND = YES;
				ENABLE_TESTABILITY = YES;
				GCC_C_LANGUAGE_STANDARD = gnu99;
				GCC_DYNAMIC_NO_PIC = NO;
				GCC_NO_COMMON_BLOCKS = YES;
				GCC_OPTIMIZATION_LEVEL = 0;
				GCC_PREPROCESSOR_DEFINITIONS = (
					"DEBUG=1",
					"$(inherited)",
				);
				GCC_WARN_64_TO_32_BIT_CONVERSION = YES;
				GCC_WARN_ABOUT_RETURN_TYPE = YES_ERROR;
				GCC_WARN_UNDECLARED_SELECTOR = YES;
				GCC_WARN_UNINITIALIZED_AUTOS = YES_AGGRESSIVE;
				GCC_WARN_UNUSED_FUNCTION = YES;
				GCC_WARN_UNUSED_VARIABLE = YES;
				IPHONEOS_DEPLOYMENT_TARGET = 10.1;
				MTL_ENABLE_DEBUG_INFO = YES;
				ONLY_ACTIVE_ARCH = YES;
				SDKROOT = iphoneos;
			};
			name = Debug;
		};
		049E50411E7161B300A72C27 /* Release */ = {
			isa = XCBuildConfiguration;
			buildSettings = {
				ALWAYS_SEARCH_USER_PATHS = NO;
				CLANG_ANALYZER_NONNULL = YES;
				CLANG_CXX_LANGUAGE_STANDARD = "gnu++0x";
				CLANG_CXX_LIBRARY = "libc++";
				CLANG_ENABLE_MODULES = YES;
				CLANG_ENABLE_OBJC_ARC = YES;
				CLANG_WARN_BOOL_CONVERSION = YES;
				CLANG_WARN_CONSTANT_CONVERSION = YES;
				CLANG_WARN_DIRECT_OBJC_ISA_USAGE = YES_ERROR;
				CLANG_WARN_DOCUMENTATION_COMMENTS = YES;
				CLANG_WARN_EMPTY_BODY = YES;
				CLANG_WARN_ENUM_CONVERSION = YES;
				CLANG_WARN_INFINITE_RECURSION = YES;
				CLANG_WARN_INT_CONVERSION = YES;
				CLANG_WARN_OBJC_ROOT_CLASS = YES_ERROR;
				CLANG_WARN_SUSPICIOUS_MOVES = YES;
				CLANG_WARN_UNREACHABLE_CODE = YES;
				CLANG_WARN__DUPLICATE_METHOD_MATCH = YES;
				"CODE_SIGN_IDENTITY[sdk=iphoneos*]" = "iPhone Developer";
				COPY_PHASE_STRIP = NO;
				DEBUG_INFORMATION_FORMAT = "dwarf-with-dsym";
				ENABLE_NS_ASSERTIONS = NO;
				ENABLE_STRICT_OBJC_MSGSEND = YES;
				GCC_C_LANGUAGE_STANDARD = gnu99;
				GCC_NO_COMMON_BLOCKS = YES;
				GCC_WARN_64_TO_32_BIT_CONVERSION = YES;
				GCC_WARN_ABOUT_RETURN_TYPE = YES_ERROR;
				GCC_WARN_UNDECLARED_SELECTOR = YES;
				GCC_WARN_UNINITIALIZED_AUTOS = YES_AGGRESSIVE;
				GCC_WARN_UNUSED_FUNCTION = YES;
				GCC_WARN_UNUSED_VARIABLE = YES;
				IPHONEOS_DEPLOYMENT_TARGET = 10.1;
				MTL_ENABLE_DEBUG_INFO = NO;
				SDKROOT = iphoneos;
				VALIDATE_PRODUCT = YES;
			};
			name = Release;
		};
		049E50431E7161B300A72C27 /* Debug */ = {
			isa = XCBuildConfiguration;
			buildSettings = {
				ASSETCATALOG_COMPILER_APPICON_NAME = AppIcon;
				DEVELOPMENT_TEAM = N8RQBX5PQW;
				INFOPLIST_FILE = DWQLogisticsInformation/Info.plist;
				IPHONEOS_DEPLOYMENT_TARGET = 8.4;
				LD_RUNPATH_SEARCH_PATHS = "$(inherited) @executable_path/Frameworks";
				PRODUCT_BUNDLE_IDENTIFIER = com.DWQ.DWQLogisticsInformation;
				PRODUCT_NAME = "$(TARGET_NAME)";
			};
			name = Debug;
		};
		049E50441E7161B300A72C27 /* Release */ = {
			isa = XCBuildConfiguration;
			buildSettings = {
				ASSETCATALOG_COMPILER_APPICON_NAME = AppIcon;
				DEVELOPMENT_TEAM = N8RQBX5PQW;
				INFOPLIST_FILE = DWQLogisticsInformation/Info.plist;
				IPHONEOS_DEPLOYMENT_TARGET = 8.4;
				LD_RUNPATH_SEARCH_PATHS = "$(inherited) @executable_path/Frameworks";
				PRODUCT_BUNDLE_IDENTIFIER = com.DWQ.DWQLogisticsInformation;
				PRODUCT_NAME = "$(TARGET_NAME)";
			};
			name = Release;
		};
		049E50461E7161B300A72C27 /* Debug */ = {
			isa = XCBuildConfiguration;
			buildSettings = {
				BUNDLE_LOADER = "$(TEST_HOST)";
				DEVELOPMENT_TEAM = N8RQBX5PQW;
				INFOPLIST_FILE = DWQLogisticsInformationTests/Info.plist;
				LD_RUNPATH_SEARCH_PATHS = "$(inherited) @executable_path/Frameworks @loader_path/Frameworks";
				PRODUCT_BUNDLE_IDENTIFIER = com.DWQ.DWQLogisticsInformationTests;
				PRODUCT_NAME = "$(TARGET_NAME)";
				TEST_HOST = "$(BUILT_PRODUCTS_DIR)/DWQLogisticsInformation.app/DWQLogisticsInformation";
			};
			name = Debug;
		};
		049E50471E7161B300A72C27 /* Release */ = {
			isa = XCBuildConfiguration;
			buildSettings = {
				BUNDLE_LOADER = "$(TEST_HOST)";
				DEVELOPMENT_TEAM = N8RQBX5PQW;
				INFOPLIST_FILE = DWQLogisticsInformationTests/Info.plist;
				LD_RUNPATH_SEARCH_PATHS = "$(inherited) @executable_path/Frameworks @loader_path/Frameworks";
				PRODUCT_BUNDLE_IDENTIFIER = com.DWQ.DWQLogisticsInformationTests;
				PRODUCT_NAME = "$(TARGET_NAME)";
				TEST_HOST = "$(BUILT_PRODUCTS_DIR)/DWQLogisticsInformation.app/DWQLogisticsInformation";
			};
			name = Release;
		};
		049E50491E7161B300A72C27 /* Debug */ = {
			isa = XCBuildConfiguration;
			buildSettings = {
				DEVELOPMENT_TEAM = N8RQBX5PQW;
				INFOPLIST_FILE = DWQLogisticsInformationUITests/Info.plist;
				LD_RUNPATH_SEARCH_PATHS = "$(inherited) @executable_path/Frameworks @loader_path/Frameworks";
				PRODUCT_BUNDLE_IDENTIFIER = com.DWQ.DWQLogisticsInformationUITests;
				PRODUCT_NAME = "$(TARGET_NAME)";
				TEST_TARGET_NAME = DWQLogisticsInformation;
			};
			name = Debug;
		};
		049E504A1E7161B300A72C27 /* Release */ = {
			isa = XCBuildConfiguration;
			buildSettings = {
				DEVELOPMENT_TEAM = N8RQBX5PQW;
				INFOPLIST_FILE = DWQLogisticsInformationUITests/Info.plist;
				LD_RUNPATH_SEARCH_PATHS = "$(inherited) @executable_path/Frameworks @loader_path/Frameworks";
				PRODUCT_BUNDLE_IDENTIFIER = com.DWQ.DWQLogisticsInformationUITests;
				PRODUCT_NAME = "$(TARGET_NAME)";
				TEST_TARGET_NAME = DWQLogisticsInformation;
			};
			name = Release;
		};
/* End XCBuildConfiguration section */

/* Begin XCConfigurationList section */
		049E50101E7161B300A72C27 /* Build configuration list for PBXProject "DWQLogisticsInformation" */ = {
			isa = XCConfigurationList;
			buildConfigurations = (
				049E50401E7161B300A72C27 /* Debug */,
				049E50411E7161B300A72C27 /* Release */,
			);
			defaultConfigurationIsVisible = 0;
			defaultConfigurationName = Release;
		};
		049E50421E7161B300A72C27 /* Build configuration list for PBXNativeTarget "DWQLogisticsInformation" */ = {
			isa = XCConfigurationList;
			buildConfigurations = (
				049E50431E7161B300A72C27 /* Debug */,
				049E50441E7161B300A72C27 /* Release */,
			);
			defaultConfigurationIsVisible = 0;
		};
		049E50451E7161B300A72C27 /* Build configuration list for PBXNativeTarget "DWQLogisticsInformationTests" */ = {
			isa = XCConfigurationList;
			buildConfigurations = (
				049E50461E7161B300A72C27 /* Debug */,
				049E50471E7161B300A72C27 /* Release */,
			);
			defaultConfigurationIsVisible = 0;
		};
		049E50481E7161B300A72C27 /* Build configuration list for PBXNativeTarget "DWQLogisticsInformationUITests" */ = {
			isa = XCConfigurationList;
			buildConfigurations = (
				049E50491E7161B300A72C27 /* Debug */,
				049E504A1E7161B300A72C27 /* Release */,
			);
			defaultConfigurationIsVisible = 0;
		};
/* End XCConfigurationList section */
	};
	rootObject = 049E500D1E7161B300A72C27 /* Project object */;
}
